
Microsoft Visual Studio Solution File, Format Version 12.00
Project("{FAE04EC0-301F-11D3-BF4B-00C04F79EFBC}") = "BlognaCorev2", "BlognaCorev2.csproj", "{431C6BF8-EC78-4BAB-8FF9-81FF73F3DBFD}"
EndProject
Global
	GlobalSection(SolutionConfigurationPlatforms) = preSolution
		Debug|Any CPU = Debug|Any CPU
		Release|Any CPU = Release|Any CPU
	EndGlobalSection
	GlobalSection(ProjectConfigurationPlatforms) = postSolution
		{431C6BF8-EC78-4BAB-8FF9-81FF73F3DBFD}.Debug|Any CPU.ActiveCfg = Debug|Any CPU
		{431C6BF8-EC78-4BAB-8FF9-81FF73F3DBFD}.Debug|Any CPU.Build.0 = Debug|Any CPU
		{431C6BF8-EC78-4BAB-8FF9-81FF73F3DBFD}.Release|Any CPU.ActiveCfg = Release|Any CPU
		{431C6BF8-EC78-4BAB-8FF9-81FF73F3DBFD}.Release|Any CPU.Build.0 = Release|Any CPU
	EndGlobalSection
EndGlobal
